
Microsoft Visual Studio Solution File, Format Version 12.00
# Visual Studio Version 16
VisualStudioVersion = 16.0.31321.278
MinimumVisualStudioVersion = 10.0.40219.1
Project("{9A19103F-16F7-4668-BE54-9A1E7A4F7556}") = "Coop", "Coop\Coop.csproj", "{8F252CE7-98BC-4F5C-9311-AEE1F1B8724D}"
EndProject
Global
	GlobalSection(SolutionConfigurationPlatforms) = preSolution
		Debug|Any CPU = Debug|Any CPU
		Release|Any CPU = Release|Any CPU
	EndGlobalSection
	GlobalSection(ProjectConfigurationPlatforms) = postSolution
		{8F252CE7-98BC-4F5C-9311-AEE1F1B8724D}.Debug|Any CPU.ActiveCfg = Debug|Any CPU
		{8F252CE7-98BC-4F5C-9311-AEE1F1B8724D}.Debug|Any CPU.Build.0 = Debug|Any CPU
		{8F252CE7-98BC-4F5C-9311-AEE1F1B8724D}.Release|Any CPU.ActiveCfg = Release|Any CPU
		{8F252CE7-98BC-4F5C-9311-AEE1F1B8724D}.Release|Any CPU.Build.0 = Release|Any CPU
	EndGlobalSection
	GlobalSection(SolutionProperties) = preSolution
		HideSolutionNode = FALSE
	EndGlobalSection
	GlobalSection(ExtensibilityGlobals) = postSolution
		SolutionGuid = {E05A3698-D90C-4243-9C87-25B7A4AD8F72}
	EndGlobalSection
EndGlobal
